Adshares\Ads\Entity\Block:
    exclusion_policy: ALL
    properties:
        id:
            expose: true
            type: string
        dividendBalance:
            expose: true
            type: int
        dividendPay:
            expose: true
            type: boolean
        messageCount:
            expose: true
            type: int
        minHash:
            expose: true
            type: string
        msgHash:
            expose: true
            type: string
        nodeCount:
            expose: true
            type: int
        nodes:
            expose: false
            type: array<Adshares\AdsOperator\Document\Node>
        nodHash:
            expose: true
            type: string
        nowHash:
            expose: true
            type: string
        oldHash:
            expose: true
            type: string
        vipHash:
            expose: true
            type: string
        time:
            expose: true
            type: DateTime
        voteNo:
            expose: true
            type: int
        voteYes:
            expose: true
            type: int
        voteTotal:
            expose: true
            type: int

